// !$*UTF8*$!
{
	archiveVersion = 1;
	classes = {
	};
	objectVersion = 56;
	objects = {

/* Begin PBXBuildFile section */
		1AABB2232925296600DE40B0 /* calculatorApp.swift in Sources */ = {isa = PBXBuildFile; fileRef = 1AABB2222925296600DE40B0 /* calculatorApp.swift */; };
		1AABB2272925296800DE40B0 /* Assets.xcassets in Resources */ = {isa = PBXBuildFile; fileRef = 1AABB2262925296800DE40B0 /* Assets.xcassets */; };
		1AABB22A2925296800DE40B0 /* Preview Assets.xcassets in Resources */ = {isa = PBXBuildFile; fileRef = 1AABB2292925296800DE40B0 /* Preview Assets.xcassets */; };
		1AABB2312925472600DE40B0 /*  CalculatorView.swift in Sources */ = {isa = PBXBuildFile; fileRef = 1AABB2302925472600DE40B0 /*  CalculatorView.swift */; };
		1AABB23429268C6500DE40B0 /* ButtonType.swift in Sources */ = {isa = PBXBuildFile; fileRef = 1AABB23329268C6500DE40B0 /* ButtonType.swift */; };
		1AABB23729268CFE00DE40B0 /* Digit.swift in Sources */ = {isa = PBXBuildFile; fileRef = 1AABB23629268CFE00DE40B0 /* Digit.swift */; };
		1AABB23929268D2500DE40B0 /* ArithmeticOperation.swift in Sources */ = {isa = PBXBuildFile; fileRef = 1AABB23829268D2500DE40B0 /* ArithmeticOperation.swift */; };
		1AABB23B29269AF500DE40B0 /* CalculatorButtonStyle.swift in Sources */ = {isa = PBXBuildFile; fileRef = 1AABB23A29269AF500DE40B0 /* CalculatorButtonStyle.swift */; };
		1AABB23E2927DEAC00DE40B0 /* CalculatorButton.swift in Sources */ = {isa = PBXBuildFile; fileRef = 1AABB23D2927DEAC00DE40B0 /* CalculatorButton.swift */; };
		1AABB2432927E3A800DE40B0 /* Constants.swift in Sources */ = {isa = PBXBuildFile; fileRef = 1AABB2422927E3A800DE40B0 /* Constants.swift */; };
		1AABB245292AB30E00DE40B0 /* Calculator.swift in Sources */ = {isa = PBXBuildFile; fileRef = 1AABB244292AB30E00DE40B0 /* Calculator.swift */; };
		1AABB247292AB3B800DE40B0 /* CalculatorViewModel.swift in Sources */ = {isa = PBXBuildFile; fileRef = 1AABB246292AB3B800DE40B0 /* CalculatorViewModel.swift */; };
/* End PBXBuildFile section */

/* Begin PBXFileReference section */
		1AABB21F2925296600DE40B0 /* calculator.app */ = {isa = PBXFileReference; explicitFileType = wrapper.application; includeInIndex = 0; path = calculator.app; sourceTree = BUILT_PRODUCTS_DIR; };
		1AABB2222925296600DE40B0 /* calculatorApp.swift */ = {isa = PBXFileReference; lastKnownFileType = sourcecode.swift; path = calculatorApp.swift; sourceTree = "<group>"; };
		1AABB2262925296800DE40B0 /* Assets.xcassets */ = {isa = PBXFileReference; lastKnownFileType = folder.assetcatalog; path = Assets.xcassets; sourceTree = "<group>"; };
		1AABB2292925296800DE40B0 /* Preview Assets.xcassets */ = {isa = PBXFileReference; lastKnownFileType = folder.assetcatalog; path = "Preview Assets.xcassets"; sourceTree = "<group>"; };
		1AABB2302925472600DE40B0 /*  CalculatorView.swift */ = {isa = PBXFileReference; lastKnownFileType = sourcecode.swift; path = " CalculatorView.swift"; sourceTree = "<group>"; };
		1AABB23329268C6500DE40B0 /* ButtonType.swift */ = {isa = PBXFileReference; lastKnownFileType = sourcecode.swift; path = ButtonType.swift; sourceTree = "<group>"; };
		1AABB23629268CFE00DE40B0 /* Digit.swift */ = {isa = PBXFileReference; lastKnownFileType = sourcecode.swift; path = Digit.swift; sourceTree = "<group>"; };
		1AABB23829268D2500DE40B0 /* ArithmeticOperation.swift */ = {isa = PBXFileReference; lastKnownFileType = sourcecode.swift; path = ArithmeticOperation.swift; sourceTree = "<group>"; };
		1AABB23A29269AF500DE40B0 /* CalculatorButtonStyle.swift */ = {isa = PBXFileReference; lastKnownFileType = sourcecode.swift; path = CalculatorButtonStyle.swift; sourceTree = "<group>"; };
		1AABB23D2927DEAC00DE40B0 /* CalculatorButton.swift */ = {isa = PBXFileReference; lastKnownFileType = sourcecode.swift; path = CalculatorButton.swift; sourceTree = "<group>"; };
		1AABB2422927E3A800DE40B0 /* Constants.swift */ = {isa = PBXFileReference; lastKnownFileType = sourcecode.swift; path = Constants.swift; sourceTree = "<group>"; };
		1AABB244292AB30E00DE40B0 /* Calculator.swift */ = {isa = PBXFileReference; lastKnownFileType = sourcecode.swift; path = Calculator.swift; sourceTree = "<group>"; };
		1AABB246292AB3B800DE40B0 /* CalculatorViewModel.swift */ = {isa = PBXFileReference; lastKnownFileType = sourcecode.swift; path = CalculatorViewModel.swift; sourceTree = "<group>"; };
/* End PBXFileReference section */

/* Begin PBXFrameworksBuildPhase section */
		1AABB21C2925296600DE40B0 /* Frameworks */ = {
			isa = PBXFrameworksBuildPhase;
			buildActionMask = 2147483647;
			files = (
			);
			runOnlyForDeploymentPostprocessing = 0;
		};
/* End PBXFrameworksBuildPhase section */

/* Begin PBXGroup section */
		1AABB2162925296600DE40B0 = {
			isa = PBXGroup;
			children = (
				1AABB2212925296600DE40B0 /* calculator */,
				1AABB2202925296600DE40B0 /* Products */,
			);
			sourceTree = "<group>";
		};
		1AABB2202925296600DE40B0 /* Products */ = {
			isa = PBXGroup;
			children = (
				1AABB21F2925296600DE40B0 /* calculator.app */,
			);
			name = Products;
			sourceTree = "<group>";
		};
		1AABB2212925296600DE40B0 /* calculator */ = {
			isa = PBXGroup;
			children = (
				1AABB2422927E3A800DE40B0 /* Constants.swift */,
				1AABB2222925296600DE40B0 /* calculatorApp.swift */,
				1AABB23229268ADD00DE40B0 /* View */,
				1AABB2262925296800DE40B0 /* Assets.xcassets */,
				1AABB2282925296800DE40B0 /* Preview Content */,
			);
			path = calculator;
			sourceTree = "<group>";
		};
		1AABB2282925296800DE40B0 /* Preview Content */ = {
			isa = PBXGroup;
			children = (
				1AABB2292925296800DE40B0 /* Preview Assets.xcassets */,
			);
			path = "Preview Content";
			sourceTree = "<group>";
		};
		1AABB23229268ADD00DE40B0 /* View */ = {
			isa = PBXGroup;
			children = (
				1AABB23F2927DF1500DE40B0 /* Components */,
				1AABB2302925472600DE40B0 /*  CalculatorView.swift */,
				1AABB23D2927DEAC00DE40B0 /* CalculatorButton.swift */,
				1AABB23C29269B0600DE40B0 /* Styles */,
				1AABB23529268C9500DE40B0 /* Models */,
			);
			path = View;
			sourceTree = "<group>";
		};
		1AABB23529268C9500DE40B0 /* Models */ = {
			isa = PBXGroup;
			children = (
				1AABB23329268C6500DE40B0 /* ButtonType.swift */,
				1AABB23629268CFE00DE40B0 /* Digit.swift */,
				1AABB23829268D2500DE40B0 /* ArithmeticOperation.swift */,
				1AABB244292AB30E00DE40B0 /* Calculator.swift */,
			);
			path = Models;
			sourceTree = "<group>";
		};
		1AABB23C29269B0600DE40B0 /* Styles */ = {
			isa = PBXGroup;
			children = (
				1AABB23A29269AF500DE40B0 /* CalculatorButtonStyle.swift */,
			);
			path = Styles;
			sourceTree = "<group>";
		};
		1AABB23F2927DF1500DE40B0 /* Components */ = {
			isa = PBXGroup;
			children = (
				1AABB246292AB3B800DE40B0 /* CalculatorViewModel.swift */,
			);
			path = Components;
			sourceTree = "<group>";
		};
/* End PBXGroup section */

/* Begin PBXNativeTarget section */
		1AABB21E2925296600DE40B0 /* calculator */ = {
			isa = PBXNativeTarget;
			buildConfigurationList = 1AABB22D2925296800DE40B0 /* Build configuration list for PBXNativeTarget "calculator" */;
			buildPhases = (
				1AABB21B2925296600DE40B0 /* Sources */,
				1AABB21C2925296600DE40B0 /* Frameworks */,
				1AABB21D2925296600DE40B0 /* Resources */,
			);
			buildRules = (
			);
			dependencies = (
			);
			name = calculator;
			productName = calculator;
			productReference = 1AABB21F2925296600DE40B0 /* calculator.app */;
			productType = "com.apple.product-type.application";
		};
/* End PBXNativeTarget section */

/* Begin PBXProject section */
		1AABB2172925296600DE40B0 /* Project object */ = {
			isa = PBXProject;
			attributes = {
				BuildIndependentTargetsInParallel = 1;
				LastSwiftUpdateCheck = 1410;
				LastUpgradeCheck = 1410;
				TargetAttributes = {
					1AABB21E2925296600DE40B0 = {
						CreatedOnToolsVersion = 14.1;
					};
				};
			};
			buildConfigurationList = 1AABB21A2925296600DE40B0 /* Build configuration list for PBXProject "calculator" */;
			compatibilityVersion = "Xcode 14.0";
			developmentRegion = en;
			hasScannedForEncodings = 0;
			knownRegions = (
				en,
				Base,
			);
			mainGroup = 1AABB2162925296600DE40B0;
			productRefGroup = 1AABB2202925296600DE40B0 /* Products */;
			projectDirPath = "";
			projectRoot = "";
			targets = (
				1AABB21E2925296600DE40B0 /* calculator */,
			);
		};
/* End PBXProject section */

/* Begin PBXResourcesBuildPhase section */
		1AABB21D2925296600DE40B0 /* Resources */ = {
			isa = PBXResourcesBuildPhase;
			buildActionMask = 2147483647;
			files = (
				1AABB22A2925296800DE40B0 /* Preview Assets.xcassets in Resources */,
				1AABB2272925296800DE40B0 /* Assets.xcassets in Resources */,
			);
			runOnlyForDeploymentPostprocessing = 0;
		};
/* End PBXResourcesBuildPhase section */

/* Begin PBXSourcesBuildPhase section */
		1AABB21B2925296600DE40B0 /* Sources */ = {
			isa = PBXSourcesBuildPhase;
			buildActionMask = 2147483647;
			files = (
				1AABB23929268D2500DE40B0 /* ArithmeticOperation.swift in Sources */,
				1AABB23E2927DEAC00DE40B0 /* CalculatorButton.swift in Sources */,
				1AABB2312925472600DE40B0 /*  CalculatorView.swift in Sources */,
				1AABB23429268C6500DE40B0 /* ButtonType.swift in Sources */,
				1AABB247292AB3B800DE40B0 /* CalculatorViewModel.swift in Sources */,
				1AABB23B29269AF500DE40B0 /* CalculatorButtonStyle.swift in Sources */,
				1AABB245292AB30E00DE40B0 /* Calculator.swift in Sources */,
				1AABB2232925296600DE40B0 /* calculatorApp.swift in Sources */,
				1AABB23729268CFE00DE40B0 /* Digit.swift in Sources */,
				1AABB2432927E3A800DE40B0 /* Constants.swift in Sources */,
			);
			runOnlyForDeploymentPostprocessing = 0;
		};
/* End PBXSourcesBuildPhase section */

/* Begin XCBuildConfiguration section */
		1AABB22B2925296800DE40B0 /* Debug */ = {
			isa = XCBuildConfiguration;
			buildSettings = {
				ALWAYS_SEARCH_USER_PATHS = NO;
				CLANG_ANALYZER_NONNULL = YES;
				CLANG_ANALYZER_NUMBER_OBJECT_CONVERSION = YES_AGGRESSIVE;
				CLANG_CXX_LANGUAGE_STANDARD = "gnu++20";
				CLANG_ENABLE_MODULES = YES;
				CLANG_ENABLE_OBJC_ARC = YES;
				CLANG_ENABLE_OBJC_WEAK = YES;
				CLANG_WARN_BLOCK_CAPTURE_AUTORELEASING = YES;
				CLANG_WARN_BOOL_CONVERSION = YES;
				CLANG_WARN_COMMA = YES;
				CLANG_WARN_CONSTANT_CONVERSION = YES;
				CLANG_WARN_DEPRECATED_OBJC_IMPLEMENTATIONS = YES;
				CLANG_WARN_DIRECT_OBJC_ISA_USAGE = YES_ERROR;
				CLANG_WARN_DOCUMENTATION_COMMENTS = YES;
				CLANG_WARN_EMPTY_BODY = YES;
				CLANG_WARN_ENUM_CONVERSION = YES;
				CLANG_WARN_INFINITE_RECURSION = YES;
				CLANG_WARN_INT_CONVERSION = YES;
				CLANG_WARN_NON_LITERAL_NULL_CONVERSION = YES;
				CLANG_WARN_OBJC_IMPLICIT_RETAIN_SELF = YES;
				CLANG_WARN_OBJC_LITERAL_CONVERSION = YES;
				CLANG_WARN_OBJC_ROOT_CLASS = YES_ERROR;
				CLANG_WARN_QUOTED_INCLUDE_IN_FRAMEWORK_HEADER = YES;
				CLANG_WARN_RANGE_LOOP_ANALYSIS = YES;
				CLANG_WARN_STRICT_PROTOTYPES = YES;
				CLANG_WARN_SUSPICIOUS_MOVE = YES;
				CLANG_WARN_UNGUARDED_AVAILABILITY = YES_AGGRESSIVE;
				CLANG_WARN_UNREACHABLE_CODE = YES;
				CLANG_WARN__DUPLICATE_METHOD_MATCH = YES;
				COPY_PHASE_STRIP = NO;
				DEBUG_INFORMATION_FORMAT = dwarf;
				ENABLE_STRICT_OBJC_MSGSEND = YES;
				ENABLE_TESTABILITY = YES;
				GCC_C_LANGUAGE_STANDARD = gnu11;
				GCC_DYNAMIC_NO_PIC = NO;
				GCC_NO_COMMON_BLOCKS = YES;
				GCC_OPTIMIZATION_LEVEL = 0;
				GCC_PREPROCESSOR_DEFINITIONS = (
					"DEBUG=1",
					"$(inherited)",
				);
				GCC_WARN_64_TO_32_BIT_CONVERSION = YES;
				GCC_WARN_ABOUT_RETURN_TYPE = YES_ERROR;
				GCC_WARN_UNDECLARED_SELECTOR = YES;
				GCC_WARN_UNINITIALIZED_AUTOS = YES_AGGRESSIVE;
				GCC_WARN_UNUSED_FUNCTION = YES;
				GCC_WARN_UNUSED_VARIABLE = YES;
				IPHONEOS_DEPLOYMENT_TARGET = 16.1;
				MTL_ENABLE_DEBUG_INFO = INCLUDE_SOURCE;
				MTL_FAST_MATH = YES;
				ONLY_ACTIVE_ARCH = YES;
				SDKROOT = iphoneos;
				SWIFT_ACTIVE_COMPILATION_CONDITIONS = DEBUG;
				SWIFT_OPTIMIZATION_LEVEL = "-Onone";
			};
			name = Debug;
		};
		1AABB22C2925296800DE40B0 /* Release */ = {
			isa = XCBuildConfiguration;
			buildSettings = {
				ALWAYS_SEARCH_USER_PATHS = NO;
				CLANG_ANALYZER_NONNULL = YES;
				CLANG_ANALYZER_NUMBER_OBJECT_CONVERSION = YES_AGGRESSIVE;
				CLANG_CXX_LANGUAGE_STANDARD = "gnu++20";
				CLANG_ENABLE_MODULES = YES;
				CLANG_ENABLE_OBJC_ARC = YES;
				CLANG_ENABLE_OBJC_WEAK = YES;
				CLANG_WARN_BLOCK_CAPTURE_AUTORELEASING = YES;
				CLANG_WARN_BOOL_CONVERSION = YES;
				CLANG_WARN_COMMA = YES;
				CLANG_WARN_CONSTANT_CONVERSION = YES;
				CLANG_WARN_DEPRECATED_OBJC_IMPLEMENTATIONS = YES;
				CLANG_WARN_DIRECT_OBJC_ISA_USAGE = YES_ERROR;
				CLANG_WARN_DOCUMENTATION_COMMENTS = YES;
				CLANG_WARN_EMPTY_BODY = YES;
				CLANG_WARN_ENUM_CONVERSION = YES;
				CLANG_WARN_INFINITE_RECURSION = YES;
				CLANG_WARN_INT_CONVERSION = YES;
				CLANG_WARN_NON_LITERAL_NULL_CONVERSION = YES;
				CLANG_WARN_OBJC_IMPLICIT_RETAIN_SELF = YES;
				CLANG_WARN_OBJC_LITERAL_CONVERSION = YES;
				CLANG_WARN_OBJC_ROOT_CLASS = YES_ERROR;
				CLANG_WARN_QUOTED_INCLUDE_IN_FRAMEWORK_HEADER = YES;
				CLANG_WARN_RANGE_LOOP_ANALYSIS = YES;
				CLANG_WARN_STRICT_PROTOTYPES = YES;
				CLANG_WARN_SUSPICIOUS_MOVE = YES;
				CLANG_WARN_UNGUARDED_AVAILABILITY = YES_AGGRESSIVE;
				CLANG_WARN_UNREACHABLE_CODE = YES;
				CLANG_WARN__DUPLICATE_METHOD_MATCH = YES;
				COPY_PHASE_STRIP = NO;
				DEBUG_INFORMATION_FORMAT = "dwarf-with-dsym";
				ENABLE_NS_ASSERTIONS = NO;
				ENABLE_STRICT_OBJC_MSGSEND = YES;
				GCC_C_LANGUAGE_STANDARD = gnu11;
				GCC_NO_COMMON_BLOCKS = YES;
				GCC_WARN_64_TO_32_BIT_CONVERSION = YES;
				GCC_WARN_ABOUT_RETURN_TYPE = YES_ERROR;
				GCC_WARN_UNDECLARED_SELECTOR = YES;
				GCC_WARN_UNINITIALIZED_AUTOS = YES_AGGRESSIVE;
				GCC_WARN_UNUSED_FUNCTION = YES;
				GCC_WARN_UNUSED_VARIABLE = YES;
				IPHONEOS_DEPLOYMENT_TARGET = 16.1;
				MTL_ENABLE_DEBUG_INFO = NO;
				MTL_FAST_MATH = YES;
				SDKROOT = iphoneos;
				SWIFT_COMPILATION_MODE = wholemodule;
				SWIFT_OPTIMIZATION_LEVEL = "-O";
				VALIDATE_PRODUCT = YES;
			};
			name = Release;
		};
		1AABB22E2925296800DE40B0 /* Debug */ = {
			isa = XCBuildConfiguration;
			buildSettings = {
				ASSETCATALOG_COMPILER_APPICON_NAME = AppIcon;
				ASSETCATALOG_COMPILER_GLOBAL_ACCENT_COLOR_NAME = AccentColor;
				CODE_SIGN_STYLE = Automatic;
				CURRENT_PROJECT_VERSION = 1;
				DEVELOPMENT_ASSET_PATHS = "\"calculator/Preview Content\"";
				DEVELOPMENT_TEAM = 4336S25LJH;
				ENABLE_PREVIEWS = YES;
				GENERATE_INFOPLIST_FILE = YES;
				INFOPLIST_KEY_UIApplicationSceneManifest_Generation = YES;
				INFOPLIST_KEY_UIApplicationSupportsIndirectInputEvents = YES;
				INFOPLIST_KEY_UILaunchScreen_Generation = YES;
				INFOPLIST_KEY_UISupportedInterfaceOrientations_iPad = "UIInterfaceOrientationPortrait UIInterfaceOrientationPortraitUpsideDown UIInterfaceOrientationLandscapeLeft UIInterfaceOrientationLandscapeRight";
				INFOPLIST_KEY_UISupportedInterfaceOrientations_iPhone = "UIInterfaceOrientationPortrait UIInterfaceOrientationLandscapeLeft UIInterfaceOrientationLandscapeRight";
				IPHONEOS_DEPLOYMENT_TARGET = 16.1;
				LD_RUNPATH_SEARCH_PATHS = (
					"$(inherited)",
					"@executable_path/Frameworks",
				);
				MARKETING_VERSION = 1.0;
				PRODUCT_BUNDLE_IDENTIFIER = nc1.calculator;
				PRODUCT_NAME = "$(TARGET_NAME)";
				SWIFT_EMIT_LOC_STRINGS = YES;
				SWIFT_VERSION = 5.0;
				TARGETED_DEVICE_FAMILY = "1,2";
			};
			name = Debug;
		};
		1AABB22F2925296800DE40B0 /* Release */ = {
			isa = XCBuildConfiguration;
			buildSettings = {
				ASSETCATALOG_COMPILER_APPICON_NAME = AppIcon;
				ASSETCATALOG_COMPILER_GLOBAL_ACCENT_COLOR_NAME = AccentColor;
				CODE_SIGN_STYLE = Automatic;
				CURRENT_PROJECT_VERSION = 1;
				DEVELOPMENT_ASSET_PATHS = "\"calculator/Preview Content\"";
				DEVELOPMENT_TEAM = 4336S25LJH;
				ENABLE_PREVIEWS = YES;
				GENERATE_INFOPLIST_FILE = YES;
				INFOPLIST_KEY_UIApplicationSceneManifest_Generation = YES;
				INFOPLIST_KEY_UIApplicationSupportsIndirectInputEvents = YES;
				INFOPLIST_KEY_UILaunchScreen_Generation = YES;
				INFOPLIST_KEY_UISupportedInterfaceOrientations_iPad = "UIInterfaceOrientationPortrait UIInterfaceOrientationPortraitUpsideDown UIInterfaceOrientationLandscapeLeft UIInterfaceOrientationLandscapeRight";
				INFOPLIST_KEY_UISupportedInterfaceOrientations_iPhone = "UIInterfaceOrientationPortrait UIInterfaceOrientationLandscapeLeft UIInterfaceOrientationLandscapeRight";
				IPHONEOS_DEPLOYMENT_TARGET = 16.1;
				LD_RUNPATH_SEARCH_PATHS = (
					"$(inherited)",
					"@executable_path/Frameworks",
				);
				MARKETING_VERSION = 1.0;
				PRODUCT_BUNDLE_IDENTIFIER = nc1.calculator;
				PRODUCT_NAME = "$(TARGET_NAME)";
				SWIFT_EMIT_LOC_STRINGS = YES;
				SWIFT_VERSION = 5.0;
				TARGETED_DEVICE_FAMILY = "1,2";
			};
			name = Release;
		};
/* End XCBuildConfiguration section */

/* Begin XCConfigurationList section */
		1AABB21A2925296600DE40B0 /* Build configuration list for PBXProject "calculator" */ = {
			isa = XCConfigurationList;
			buildConfigurations = (
				1AABB22B2925296800DE40B0 /* Debug */,
				1AABB22C2925296800DE40B0 /* Release */,
			);
			defaultConfigurationIsVisible = 0;
			defaultConfigurationName = Release;
		};
		1AABB22D2925296800DE40B0 /* Build configuration list for PBXNativeTarget "calculator" */ = {
			isa = XCConfigurationList;
			buildConfigurations = (
				1AABB22E2925296800DE40B0 /* Debug */,
				1AABB22F2925296800DE40B0 /* Release */,
			);
			defaultConfigurationIsVisible = 0;
			defaultConfigurationName = Release;
		};
/* End XCConfigurationList section */
	};
	rootObject = 1AABB2172925296600DE40B0 /* Project object */;
}
